// !$*UTF8*$!
{
	archiveVersion = 1;
	classes = {
	};
	objectVersion = 46;
	objects = {

/* Begin PBXBuildFile section */
		F16B9BB11D4D8D9F002249D7 /* AppDelegate.swift in Sources */ = {isa = PBXBuildFile; fileRef = F16B9BB01D4D8D9F002249D7 /* AppDelegate.swift */; };
		F16B9BB31D4D8D9F002249D7 /* ViewController.swift in Sources */ = {isa = PBXBuildFile; fileRef = F16B9BB21D4D8D9F002249D7 /* ViewController.swift */; };
		F16B9BB61D4D8D9F002249D7 /* Main.storyboard in Resources */ = {isa = PBXBuildFile; fileRef = F16B9BB41D4D8D9F002249D7 /* Main.storyboard */; };
		F16B9BB81D4D8D9F002249D7 /* Assets.xcassets in Resources */ = {isa = PBXBuildFile; fileRef = F16B9BB71D4D8D9F002249D7 /* Assets.xcassets */; };
		F16B9BBB1D4D8D9F002249D7 /* LaunchScreen.storyboard in Resources */ = {isa = PBXBuildFile; fileRef = F16B9BB91D4D8D9F002249D7 /* LaunchScreen.storyboard */; };
		F16B9BC61D4D8D9F002249D7 /* Permanent_StorageTests.swift in Sources */ = {isa = PBXBuildFile; fileRef = F16B9BC51D4D8D9F002249D7 /* Permanent_StorageTests.swift */; };
		F16B9BD11D4D8D9F002249D7 /* Permanent_StorageUITests.swift in Sources */ = {isa = PBXBuildFile; fileRef = F16B9BD01D4D8D9F002249D7 /* Permanent_StorageUITests.swift */; };
/* End PBXBuildFile section */

/* Begin PBXContainerItemProxy section */
		F16B9BC21D4D8D9F002249D7 /* PBXContainerItemProxy */ = {
			isa = PBXContainerItemProxy;
			containerPortal = F16B9BA51D4D8D9F002249D7 /* Project object */;
			proxyType = 1;
			remoteGlobalIDString = F16B9BAC1D4D8D9F002249D7;
			remoteInfo = "Permanent Storage";
		};
		F16B9BCD1D4D8D9F002249D7 /* PBXContainerItemProxy */ = {
			isa = PBXContainerItemProxy;
			containerPortal = F16B9BA51D4D8D9F002249D7 /* Project object */;
			proxyType = 1;
			remoteGlobalIDString = F16B9BAC1D4D8D9F002249D7;
			remoteInfo = "Permanent Storage";
		};
/* End PBXContainerItemProxy section */

/* Begin PBXFileReference section */
		F16B9BAD1D4D8D9F002249D7 /* Permanent Storage.app */ = {isa = PBXFileReference; explicitFileType = wrapper.application; includeInIndex = 0; path = "Permanent Storage.app"; sourceTree = BUILT_PRODUCTS_DIR; };
		F16B9BB01D4D8D9F002249D7 /* AppDelegate.swift */ = {isa = PBXFileReference; lastKnownFileType = sourcecode.swift; path = AppDelegate.swift; sourceTree = "<group>"; };
		F16B9BB21D4D8D9F002249D7 /* ViewController.swift */ = {isa = PBXFileReference; lastKnownFileType = sourcecode.swift; path = ViewController.swift; sourceTree = "<group>"; };
		F16B9BB51D4D8D9F002249D7 /* Base */ = {isa = PBXFileReference; lastKnownFileType = file.storyboard; name = Base; path = Base.lproj/Main.storyboard; sourceTree = "<group>"; };
		F16B9BB71D4D8D9F002249D7 /* Assets.xcassets */ = {isa = PBXFileReference; lastKnownFileType = folder.assetcatalog; path = Assets.xcassets; sourceTree = "<group>"; };
		F16B9BBA1D4D8D9F002249D7 /* Base */ = {isa = PBXFileReference; lastKnownFileType = file.storyboard; name = Base; path = Base.lproj/LaunchScreen.storyboard; sourceTree = "<group>"; };
		F16B9BBC1D4D8D9F002249D7 /* Info.plist */ = {isa = PBXFileReference; lastKnownFileType = text.plist.xml; path = Info.plist; sourceTree = "<group>"; };
		F16B9BC11D4D8D9F002249D7 /* Permanent StorageTests.xctest */ = {isa = PBXFileReference; explicitFileType = wrapper.cfbundle; includeInIndex = 0; path = "Permanent StorageTests.xctest"; sourceTree = BUILT_PRODUCTS_DIR; };
		F16B9BC51D4D8D9F002249D7 /* Permanent_StorageTests.swift */ = {isa = PBXFileReference; lastKnownFileType = sourcecode.swift; path = Permanent_StorageTests.swift; sourceTree = "<group>"; };
		F16B9BC71D4D8D9F002249D7 /* Info.plist */ = {isa = PBXFileReference; lastKnownFileType = text.plist.xml; path = Info.plist; sourceTree = "<group>"; };
		F16B9BCC1D4D8D9F002249D7 /* Permanent StorageUITests.xctest */ = {isa = PBXFileReference; explicitFileType = wrapper.cfbundle; includeInIndex = 0; path = "Permanent StorageUITests.xctest"; sourceTree = BUILT_PRODUCTS_DIR; };
		F16B9BD01D4D8D9F002249D7 /* Permanent_StorageUITests.swift */ = {isa = PBXFileReference; lastKnownFileType = sourcecode.swift; path = Permanent_StorageUITests.swift; sourceTree = "<group>"; };
		F16B9BD21D4D8D9F002249D7 /* Info.plist */ = {isa = PBXFileReference; lastKnownFileType = text.plist.xml; path = Info.plist; sourceTree = "<group>"; };
/* End PBXFileReference section */

/* Begin PBXFrameworksBuildPhase section */
		F16B9BAA1D4D8D9F002249D7 /* Frameworks */ = {
			isa = PBXFrameworksBuildPhase;
			buildActionMask = 2147483647;
			files = (
			);
			runOnlyForDeploymentPostprocessing = 0;
		};
		F16B9BBE1D4D8D9F002249D7 /* Frameworks */ = {
			isa = PBXFrameworksBuildPhase;
			buildActionMask = 2147483647;
			files = (
			);
			runOnlyForDeploymentPostprocessing = 0;
		};
		F16B9BC91D4D8D9F002249D7 /* Frameworks */ = {
			isa = PBXFrameworksBuildPhase;
			buildActionMask = 2147483647;
			files = (
			);
			runOnlyForDeploymentPostprocessing = 0;
		};
/* End PBXFrameworksBuildPhase section */

/* Begin PBXGroup section */
		F16B9BA41D4D8D9F002249D7 = {
			isa = PBXGroup;
			children = (
				F16B9BAF1D4D8D9F002249D7 /* Permanent Storage */,
				F16B9BC41D4D8D9F002249D7 /* Permanent StorageTests */,
				F16B9BCF1D4D8D9F002249D7 /* Permanent StorageUITests */,
				F16B9BAE1D4D8D9F002249D7 /* Products */,
			);
			sourceTree = "<group>";
		};
		F16B9BAE1D4D8D9F002249D7 /* Products */ = {
			isa = PBXGroup;
			children = (
				F16B9BAD1D4D8D9F002249D7 /* Permanent Storage.app */,
				F16B9BC11D4D8D9F002249D7 /* Permanent StorageTests.xctest */,
				F16B9BCC1D4D8D9F002249D7 /* Permanent StorageUITests.xctest */,
			);
			name = Products;
			sourceTree = "<group>";
		};
		F16B9BAF1D4D8D9F002249D7 /* Permanent Storage */ = {
			isa = PBXGroup;
			children = (
				F16B9BB01D4D8D9F002249D7 /* AppDelegate.swift */,
				F16B9BB21D4D8D9F002249D7 /* ViewController.swift */,
				F16B9BB41D4D8D9F002249D7 /* Main.storyboard */,
				F16B9BB71D4D8D9F002249D7 /* Assets.xcassets */,
				F16B9BB91D4D8D9F002249D7 /* LaunchScreen.storyboard */,
				F16B9BBC1D4D8D9F002249D7 /* Info.plist */,
			);
			path = "Permanent Storage";
			sourceTree = "<group>";
		};
		F16B9BC41D4D8D9F002249D7 /* Permanent StorageTests */ = {
			isa = PBXGroup;
			children = (
				F16B9BC51D4D8D9F002249D7 /* Permanent_StorageTests.swift */,
				F16B9BC71D4D8D9F002249D7 /* Info.plist */,
			);
			path = "Permanent StorageTests";
			sourceTree = "<group>";
		};
		F16B9BCF1D4D8D9F002249D7 /* Permanent StorageUITests */ = {
			isa = PBXGroup;
			children = (
				F16B9BD01D4D8D9F002249D7 /* Permanent_StorageUITests.swift */,
				F16B9BD21D4D8D9F002249D7 /* Info.plist */,
			);
			path = "Permanent StorageUITests";
			sourceTree = "<group>";
		};
/* End PBXGroup section */

/* Begin PBXNativeTarget section */
		F16B9BAC1D4D8D9F002249D7 /* Permanent Storage */ = {
			isa = PBXNativeTarget;
			buildConfigurationList = F16B9BD51D4D8D9F002249D7 /* Build configuration list for PBXNativeTarget "Permanent Storage" */;
			buildPhases = (
				F16B9BA91D4D8D9F002249D7 /* Sources */,
				F16B9BAA1D4D8D9F002249D7 /* Frameworks */,
				F16B9BAB1D4D8D9F002249D7 /* Resources */,
			);
			buildRules = (
			);
			dependencies = (
			);
			name = "Permanent Storage";
			productName = "Permanent Storage";
			productReference = F16B9BAD1D4D8D9F002249D7 /* Permanent Storage.app */;
			productType = "com.apple.product-type.application";
		};
		F16B9BC01D4D8D9F002249D7 /* Permanent StorageTests */ = {
			isa = PBXNativeTarget;
			buildConfigurationList = F16B9BD81D4D8D9F002249D7 /* Build configuration list for PBXNativeTarget "Permanent StorageTests" */;
			buildPhases = (
				F16B9BBD1D4D8D9F002249D7 /* Sources */,
				F16B9BBE1D4D8D9F002249D7 /* Frameworks */,
				F16B9BBF1D4D8D9F002249D7 /* Resources */,
			);
			buildRules = (
			);
			dependencies = (
				F16B9BC31D4D8D9F002249D7 /* PBXTargetDependency */,
			);
			name = "Permanent StorageTests";
			productName = "Permanent StorageTests";
			productReference = F16B9BC11D4D8D9F002249D7 /* Permanent StorageTests.xctest */;
			productType = "com.apple.product-type.bundle.unit-test";
		};
		F16B9BCB1D4D8D9F002249D7 /* Permanent StorageUITests */ = {
			isa = PBXNativeTarget;
			buildConfigurationList = F16B9BDB1D4D8D9F002249D7 /* Build configuration list for PBXNativeTarget "Permanent StorageUITests" */;
			buildPhases = (
				F16B9BC81D4D8D9F002249D7 /* Sources */,
				F16B9BC91D4D8D9F002249D7 /* Frameworks */,
				F16B9BCA1D4D8D9F002249D7 /* Resources */,
			);
			buildRules = (
			);
			dependencies = (
				F16B9BCE1D4D8D9F002249D7 /* PBXTargetDependency */,
			);
			name = "Permanent StorageUITests";
			productName = "Permanent StorageUITests";
			productReference = F16B9BCC1D4D8D9F002249D7 /* Permanent StorageUITests.xctest */;
			productType = "com.apple.product-type.bundle.ui-testing";
		};
/* End PBXNativeTarget section */

/* Begin PBXProject section */
		F16B9BA51D4D8D9F002249D7 /* Project object */ = {
			isa = PBXProject;
			attributes = {
				LastSwiftUpdateCheck = 0730;
				LastUpgradeCheck = 0730;
				ORGANIZATIONNAME = "Edward Lay";
				TargetAttributes = {
					F16B9BAC1D4D8D9F002249D7 = {
						CreatedOnToolsVersion = 7.3.1;
						DevelopmentTeam = R5UZJWHEN9;
					};
					F16B9BC01D4D8D9F002249D7 = {
						CreatedOnToolsVersion = 7.3.1;
						DevelopmentTeam = R5UZJWHEN9;
						TestTargetID = F16B9BAC1D4D8D9F002249D7;
					};
					F16B9BCB1D4D8D9F002249D7 = {
						CreatedOnToolsVersion = 7.3.1;
						DevelopmentTeam = R5UZJWHEN9;
						TestTargetID = F16B9BAC1D4D8D9F002249D7;
					};
				};
			};
			buildConfigurationList = F16B9BA81D4D8D9F002249D7 /* Build configuration list for PBXProject "Permanent Storage" */;
			compatibilityVersion = "Xcode 3.2";
			developmentRegion = English;
			hasScannedForEncodings = 0;
			knownRegions = (
				en,
				Base,
			);
			mainGroup = F16B9BA41D4D8D9F002249D7;
			productRefGroup = F16B9BAE1D4D8D9F002249D7 /* Products */;
			projectDirPath = "";
			projectRoot = "";
			targets = (
				F16B9BAC1D4D8D9F002249D7 /* Permanent Storage */,
				F16B9BC01D4D8D9F002249D7 /* Permanent StorageTests */,
				F16B9BCB1D4D8D9F002249D7 /* Permanent StorageUITests */,
			);
		};
/* End PBXProject section */

/* Begin PBXResourcesBuildPhase section */
		F16B9BAB1D4D8D9F002249D7 /* Resources */ = {
			isa = PBXResourcesBuildPhase;
			buildActionMask = 2147483647;
			files = (
				F16B9BBB1D4D8D9F002249D7 /* LaunchScreen.storyboard in Resources */,
				F16B9BB81D4D8D9F002249D7 /* Assets.xcassets in Resources */,
				F16B9BB61D4D8D9F002249D7 /* Main.storyboard in Resources */,
			);
			runOnlyForDeploymentPostprocessing = 0;
		};
		F16B9BBF1D4D8D9F002249D7 /* Resources */ = {
			isa = PBXResourcesBuildPhase;
			buildActionMask = 2147483647;
			files = (
			);
			runOnlyForDeploymentPostprocessing = 0;
		};
		F16B9BCA1D4D8D9F002249D7 /* Resources */ = {
			isa = PBXResourcesBuildPhase;
			buildActionMask = 2147483647;
			files = (
			);
			runOnlyForDeploymentPostprocessing = 0;
		};
/* End PBXResourcesBuildPhase section */

/* Begin PBXSourcesBuildPhase section */
		F16B9BA91D4D8D9F002249D7 /* Sources */ = {
			isa = PBXSourcesBuildPhase;
			buildActionMask = 2147483647;
			files = (
				F16B9BB31D4D8D9F002249D7 /* ViewController.swift in Sources */,
				F16B9BB11D4D8D9F002249D7 /* AppDelegate.swift in Sources */,
			);
			runOnlyForDeploymentPostprocessing = 0;
		};
		F16B9BBD1D4D8D9F002249D7 /* Sources */ = {
			isa = PBXSourcesBuildPhase;
			buildActionMask = 2147483647;
			files = (
				F16B9BC61D4D8D9F002249D7 /* Permanent_StorageTests.swift in Sources */,
			);
			runOnlyForDeploymentPostprocessing = 0;
		};
		F16B9BC81D4D8D9F002249D7 /* Sources */ = {
			isa = PBXSourcesBuildPhase;
			buildActionMask = 2147483647;
			files = (
				F16B9BD11D4D8D9F002249D7 /* Permanent_StorageUITests.swift in Sources */,
			);
			runOnlyForDeploymentPostprocessing = 0;
		};
/* End PBXSourcesBuildPhase section */

/* Begin PBXTargetDependency section */
		F16B9BC31D4D8D9F002249D7 /* PBXTargetDependency */ = {
			isa = PBXTargetDependency;
			target = F16B9BAC1D4D8D9F002249D7 /* Permanent Storage */;
			targetProxy = F16B9BC21D4D8D9F002249D7 /* PBXContainerItemProxy */;
		};
		F16B9BCE1D4D8D9F002249D7 /* PBXTargetDependency */ = {
			isa = PBXTargetDependency;
			target = F16B9BAC1D4D8D9F002249D7 /* Permanent Storage */;
			targetProxy = F16B9BCD1D4D8D9F002249D7 /* PBXContainerItemProxy */;
		};
/* End PBXTargetDependency section */

/* Begin PBXVariantGroup section */
		F16B9BB41D4D8D9F002249D7 /* Main.storyboard */ = {
			isa = PBXVariantGroup;
			children = (
				F16B9BB51D4D8D9F002249D7 /* Base */,
			);
			name = Main.storyboard;
			sourceTree = "<group>";
		};
		F16B9BB91D4D8D9F002249D7 /* LaunchScreen.storyboard */ = {
			isa = PBXVariantGroup;
			children = (
				F16B9BBA1D4D8D9F002249D7 /* Base */,
			);
			name = LaunchScreen.storyboard;
			sourceTree = "<group>";
		};
/* End PBXVariantGroup section */

/* Begin XCBuildConfiguration section */
		F16B9BD31D4D8D9F002249D7 /* Debug */ = {
			isa = XCBuildConfiguration;
			buildSettings = {
				ALWAYS_SEARCH_USER_PATHS = NO;
				CLANG_ANALYZER_NONNULL = YES;
				CLANG_CXX_LANGUAGE_STANDARD = "gnu++0x";
				CLANG_CXX_LIBRARY = "libc++";
				CLANG_ENABLE_MODULES = YES;
				CLANG_ENABLE_OBJC_ARC = YES;
				CLANG_WARN_BOOL_CONVERSION = YES;
				CLANG_WARN_CONSTANT_CONVERSION = YES;
				CLANG_WARN_DIRECT_OBJC_ISA_USAGE = YES_ERROR;
				CLANG_WARN_EMPTY_BODY = YES;
				CLANG_WARN_ENUM_CONVERSION = YES;
				CLANG_WARN_INT_CONVERSION = YES;
				CLANG_WARN_OBJC_ROOT_CLASS = YES_ERROR;
				CLANG_WARN_UNREACHABLE_CODE = YES;
				CLANG_WARN__DUPLICATE_METHOD_MATCH = YES;
				"CODE_SIGN_IDENTITY[sdk=iphoneos*]" = "iPhone Developer";
				COPY_PHASE_STRIP = NO;
				DEBUG_INFORMATION_FORMAT = dwarf;
				ENABLE_STRICT_OBJC_MSGSEND = YES;
				ENABLE_TESTABILITY = YES;
				GCC_C_LANGUAGE_STANDARD = gnu99;
				GCC_DYNAMIC_NO_PIC = NO;
				GCC_NO_COMMON_BLOCKS = YES;
				GCC_OPTIMIZATION_LEVEL = 0;
				GCC_PREPROCESSOR_DEFINITIONS = (
					"DEBUG=1",
					"$(inherited)",
				);
				GCC_WARN_64_TO_32_BIT_CONVERSION = YES;
				GCC_WARN_ABOUT_RETURN_TYPE = YES_ERROR;
				GCC_WARN_UNDECLARED_SELECTOR = YES;
				GCC_WARN_UNINITIALIZED_AUTOS = YES_AGGRESSIVE;
				GCC_WARN_UNUSED_FUNCTION = YES;
				GCC_WARN_UNUSED_VARIABLE = YES;
				IPHONEOS_DEPLOYMENT_TARGET = 9.3;
				MTL_ENABLE_DEBUG_INFO = YES;
				ONLY_ACTIVE_ARCH = YES;
				SDKROOT = iphoneos;
				SWIFT_OPTIMIZATION_LEVEL = "-Onone";
			};
			name = Debug;
		};
		F16B9BD41D4D8D9F002249D7 /* Release */ = {
			isa = XCBuildConfiguration;
			buildSettings = {
				ALWAYS_SEARCH_USER_PATHS = NO;
				CLANG_ANALYZER_NONNULL = YES;
				CLANG_CXX_LANGUAGE_STANDARD = "gnu++0x";
				CLANG_CXX_LIBRARY = "libc++";
				CLANG_ENABLE_MODULES = YES;
				CLANG_ENABLE_OBJC_ARC = YES;
				CLANG_WARN_BOOL_CONVERSION = YES;
				CLANG_WARN_CONSTANT_CONVERSION = YES;
				CLANG_WARN_DIRECT_OBJC_ISA_USAGE = YES_ERROR;
				CLANG_WARN_EMPTY_BODY = YES;
				CLANG_WARN_ENUM_CONVERSION = YES;
				CLANG_WARN_INT_CONVERSION = YES;
				CLANG_WARN_OBJC_ROOT_CLASS = YES_ERROR;
				CLANG_WARN_UNREACHABLE_CODE = YES;
				CLANG_WARN__DUPLICATE_METHOD_MATCH = YES;
				"CODE_SIGN_IDENTITY[sdk=iphoneos*]" = "iPhone Developer";
				COPY_PHASE_STRIP = NO;
				DEBUG_INFORMATION_FORMAT = "dwarf-with-dsym";
				ENABLE_NS_ASSERTIONS = NO;
				ENABLE_STRICT_OBJC_MSGSEND = YES;
				GCC_C_LANGUAGE_STANDARD = gnu99;
				GCC_NO_COMMON_BLOCKS = YES;
				GCC_WARN_64_TO_32_BIT_CONVERSION = YES;
				GCC_WARN_ABOUT_RETURN_TYPE = YES_ERROR;
				GCC_WARN_UNDECLARED_SELECTOR = YES;
				GCC_WARN_UNINITIALIZED_AUTOS = YES_AGGRESSIVE;
				GCC_WARN_UNUSED_FUNCTION = YES;
				GCC_WARN_UNUSED_VARIABLE = YES;
				IPHONEOS_DEPLOYMENT_TARGET = 9.3;
				MTL_ENABLE_DEBUG_INFO = NO;
				SDKROOT = iphoneos;
				VALIDATE_PRODUCT = YES;
			};
			name = Release;
		};
		F16B9BD61D4D8D9F002249D7 /* Debug */ = {
			isa = XCBuildConfiguration;
			buildSettings = {
				ASSETCATALOG_COMPILER_APPICON_NAME = AppIcon;
				INFOPLIST_FILE = "Permanent Storage/Info.plist";
				LD_RUNPATH_SEARCH_PATHS = "$(inherited) @executable_path/Frameworks";
				PRODUCT_BUNDLE_IDENTIFIER = "me.edtechl.Permanent-Storage";
				PRODUCT_NAME = "$(TARGET_NAME)";
			};
			name = Debug;
		};
		F16B9BD71D4D8D9F002249D7 /* Release */ = {
			isa = XCBuildConfiguration;
			buildSettings = {
				ASSETCATALOG_COMPILER_APPICON_NAME = AppIcon;
				INFOPLIST_FILE = "Permanent Storage/Info.plist";
				LD_RUNPATH_SEARCH_PATHS = "$(inherited) @executable_path/Frameworks";
				PRODUCT_BUNDLE_IDENTIFIER = "me.edtechl.Permanent-Storage";
				PRODUCT_NAME = "$(TARGET_NAME)";
			};
			name = Release;
		};
		F16B9BD91D4D8D9F002249D7 /* Debug */ = {
			isa = XCBuildConfiguration;
			buildSettings = {
				BUNDLE_LOADER = "$(TEST_HOST)";
				INFOPLIST_FILE = "Permanent StorageTests/Info.plist";
				LD_RUNPATH_SEARCH_PATHS = "$(inherited) @executable_path/Frameworks @loader_path/Frameworks";
				PRODUCT_BUNDLE_IDENTIFIER = "me.edtechl.Permanent-StorageTests";
				PRODUCT_NAME = "$(TARGET_NAME)";
				TEST_HOST = "$(BUILT_PRODUCTS_DIR)/Permanent Storage.app/Permanent Storage";
			};
			name = Debug;
		};
		F16B9BDA1D4D8D9F002249D7 /* Release */ = {
			isa = XCBuildConfiguration;
			buildSettings = {
				BUNDLE_LOADER = "$(TEST_HOST)";
				INFOPLIST_FILE = "Permanent StorageTests/Info.plist";
				LD_RUNPATH_SEARCH_PATHS = "$(inherited) @executable_path/Frameworks @loader_path/Frameworks";
				PRODUCT_BUNDLE_IDENTIFIER = "me.edtechl.Permanent-StorageTests";
				PRODUCT_NAME = "$(TARGET_NAME)";
				TEST_HOST = "$(BUILT_PRODUCTS_DIR)/Permanent Storage.app/Permanent Storage";
			};
			name = Release;
		};
		F16B9BDC1D4D8D9F002249D7 /* Debug */ = {
			isa = XCBuildConfiguration;
			buildSettings = {
				INFOPLIST_FILE = "Permanent StorageUITests/Info.plist";
				LD_RUNPATH_SEARCH_PATHS = "$(inherited) @executable_path/Frameworks @loader_path/Frameworks";
				PRODUCT_BUNDLE_IDENTIFIER = "me.edtechl.Permanent-StorageUITests";
				PRODUCT_NAME = "$(TARGET_NAME)";
				TEST_TARGET_NAME = "Permanent Storage";
			};
			name = Debug;
		};
		F16B9BDD1D4D8D9F002249D7 /* Release */ = {
			isa = XCBuildConfiguration;
			buildSettings = {
				INFOPLIST_FILE = "Permanent StorageUITests/Info.plist";
				LD_RUNPATH_SEARCH_PATHS = "$(inherited) @executable_path/Frameworks @loader_path/Frameworks";
				PRODUCT_BUNDLE_IDENTIFIER = "me.edtechl.Permanent-StorageUITests";
				PRODUCT_NAME = "$(TARGET_NAME)";
				TEST_TARGET_NAME = "Permanent Storage";
			};
			name = Release;
		};
/* End XCBuildConfiguration section */

/* Begin XCConfigurationList section */
		F16B9BA81D4D8D9F002249D7 /* Build configuration list for PBXProject "Permanent Storage" */ = {
			isa = XCConfigurationList;
			buildConfigurations = (
				F16B9BD31D4D8D9F002249D7 /* Debug */,
				F16B9BD41D4D8D9F002249D7 /* Release */,
			);
			defaultConfigurationIsVisible = 0;
			defaultConfigurationName = Release;
		};
		F16B9BD51D4D8D9F002249D7 /* Build configuration list for PBXNativeTarget "Permanent Storage" */ = {
			isa = XCConfigurationList;
			buildConfigurations = (
				F16B9BD61D4D8D9F002249D7 /* Debug */,
				F16B9BD71D4D8D9F002249D7 /* Release */,
			);
			defaultConfigurationIsVisible = 0;
		};
		F16B9BD81D4D8D9F002249D7 /* Build configuration list for PBXNativeTarget "Permanent StorageTests" */ = {
			isa = XCConfigurationList;
			buildConfigurations = (
				F16B9BD91D4D8D9F002249D7 /* Debug */,
				F16B9BDA1D4D8D9F002249D7 /* Release */,
			);
			defaultConfigurationIsVisible = 0;
		};
		F16B9BDB1D4D8D9F002249D7 /* Build configuration list for PBXNativeTarget "Permanent StorageUITests" */ = {
			isa = XCConfigurationList;
			buildConfigurations = (
				F16B9BDC1D4D8D9F002249D7 /* Debug */,
				F16B9BDD1D4D8D9F002249D7 /* Release */,
			);
			defaultConfigurationIsVisible = 0;
		};
/* End XCConfigurationList section */
	};
	rootObject = F16B9BA51D4D8D9F002249D7 /* Project object */;
}
